<?xml version="1.0" encoding="utf-8"?>
<Project ToolsVersion="4.0" xmlns="http://schemas.microsoft.com/developer/msbuild/2003">
  <ItemGroup>
    <Filter Include="Source Files">
      <UniqueIdentifier>{4FC737F1-C7A5-4376-A066-2A32D752A2FF}</UniqueIdentifier>
      <Extensions>cpp;c;cc;cxx;def;odl;idl;hpj;bat;asm;asmx</Extensions>
    </Filter>
    <Filter Include="Header Files">
      <UniqueIdentifier>{93995380-89BD-4b04-88EB-625FBE52EBFB}</UniqueIdentifier>
      <Extensions>h;hh;hpp;hxx;hm;inl;inc;xsd</Extensions>
    </Filter>
    <Filter Include="Resource Files">
      <UniqueIdentifier>{67DA6AB6-F800-4c08-8B7A-83BB121AAD01}</UniqueIdentifier>
      <Extensions>rc;ico;cur;bmp;dlg;rc2;rct;bin;rgs;gif;jpg;jpeg;jpe;resx;tiff;tif;png;wav;mfcribbon-ms</Extensions>
    </Filter>
  </ItemGroup>
  <ItemGroup>
    <ClCompile Include="main.cpp">
      <Filter>Source Files</Filter>
    </ClCompile>
    <ClCompile Include="Client.cpp">
      <Filter>Source Files</Filter>
    </ClCompile>
    <ClCompile Include="Camera.cpp">
      <Filter>Source Files</Filter>
    </ClCompile>
    <ClCompile Include="ClientSideGameManager.cpp">
      <Filter>Source Files</Filter>
    </ClCompile>
    <ClCompile Include="..\Server\Game.cpp">
      <Filter>Source Files</Filter>
    </ClCompile>
    <ClCompile Include="..\Server\GameAction.cpp">
      <Filter>Source Files</Filter>
    </ClCompile>
    <ClCompile Include="..\Server\Character.cpp">
      <Filter>Source Files</Filter>
    </ClCompile>
    <ClCompile Include="..\Server\BaseAction.cpp">
      <Filter>Source Files</Filter>
    </ClCompile>
    <ClCompile Include="..\Server\Squad.cpp">
      <Filter>Source Files</Filter>
    </ClCompile>
    <ClCompile Include="..\Server\GearPieceBase.cpp">
      <Filter>Source Files</Filter>
    </ClCompile>
    <ClCompile Include="..\Server\TileMap.cpp">
      <Filter>Source Files</Filter>
    </ClCompile>
    <ClCompile Include="..\Server\GunBase.cpp">
      <Filter>Source Files</Filter>
    </ClCompile>
    <ClCompile Include="..\Server\Shotgun.cpp">
      <Filter>Source Files</Filter>
    </ClCompile>
    <ClCompile Include="..\Server\SniperRifle.cpp">
      <Filter>Source Files</Filter>
    </ClCompile>
    <ClCompile Include="..\Server\StandardGun.cpp">
      <Filter>Source Files</Filter>
    </ClCompile>
    <ClCompile Include="GameObj.cpp">
      <Filter>Source Files</Filter>
    </ClCompile>
    <ClCompile Include="..\Server\MovementAction.cpp">
      <Filter>Source Files</Filter>
    </ClCompile>
    <ClCompile Include="..\Server\OverwatchShotAction.cpp">
      <Filter>Source Files</Filter>
    </ClCompile>
    <ClCompile Include="..\Server\ShootAction.cpp">
      <Filter>Source Files</Filter>
    </ClCompile>
    <ClCompile Include="..\Server\RefreshWalkableTilesAction.cpp">
      <Filter>Source Files</Filter>
    </ClCompile>
    <ClCompile Include="..\Server\SetPointsAction.cpp">
      <Filter>Source Files</Filter>
    </ClCompile>
    <ClCompile Include="..\Server\SetVisibleEnemiesAction.cpp">
      <Filter>Source Files</Filter>
    </ClCompile>
    <ClCompile Include="..\Server\StartNewTurnAction.cpp">
      <Filter>Source Files</Filter>
    </ClCompile>
  </ItemGroup>
  <ItemGroup>
    <ClInclude Include="Client.h">
      <Filter>Header Files</Filter>
    </ClInclude>
    <ClInclude Include="Camera.h">
      <Filter>Header Files</Filter>
    </ClInclude>
    <ClInclude Include="ClientSideGameManager.h">
      <Filter>Header Files</Filter>
    </ClInclude>
    <ClInclude Include="..\Server\Game.h">
      <Filter>Header Files</Filter>
    </ClInclude>
    <ClInclude Include="..\Server\GameAction.h">
      <Filter>Header Files</Filter>
    </ClInclude>
    <ClInclude Include="..\Server\Character.h">
      <Filter>Header Files</Filter>
    </ClInclude>
    <ClInclude Include="..\Server\Squad.h">
      <Filter>Header Files</Filter>
    </ClInclude>
    <ClInclude Include="..\Server\BaseAction.h">
      <Filter>Header Files</Filter>
    </ClInclude>
    <ClInclude Include="..\Server\GearPieceBase.h">
      <Filter>Header Files</Filter>
    </ClInclude>
    <ClInclude Include="..\Server\TileMap.h">
      <Filter>Header Files</Filter>
    </ClInclude>
    <ClInclude Include="..\Server\GunBase.h">
      <Filter>Header Files</Filter>
    </ClInclude>
    <ClInclude Include="..\Server\Shotgun.h">
      <Filter>Header Files</Filter>
    </ClInclude>
    <ClInclude Include="..\Server\SniperRifle.h">
      <Filter>Header Files</Filter>
    </ClInclude>
    <ClInclude Include="..\Server\StandardGun.h">
      <Filter>Header Files</Filter>
    </ClInclude>
    <ClInclude Include="GameObj.h">
      <Filter>Header Files</Filter>
    </ClInclude>
    <ClInclude Include="..\Server\MovementAction.h">
      <Filter>Header Files</Filter>
    </ClInclude>
    <ClInclude Include="..\Server\OverwatchShotAction.h">
      <Filter>Header Files</Filter>
    </ClInclude>
    <ClInclude Include="..\Server\ShootAction.h">
      <Filter>Header Files</Filter>
    </ClInclude>
    <ClInclude Include="..\Server\RefreshWalkableTilesAction.h">
      <Filter>Header Files</Filter>
    </ClInclude>
    <ClInclude Include="..\Server\SetPointsAction.h">
      <Filter>Header Files</Filter>
    </ClInclude>
    <ClInclude Include="..\Server\SetVisibleEnemiesAction.h">
      <Filter>Header Files</Filter>
    </ClInclude>
    <ClInclude Include="..\Server\StartNewTurnAction.h">
      <Filter>Header Files</Filter>
    </ClInclude>
  </ItemGroup>
</Project>